// !$*UTF8*$!
{
	archiveVersion = 1;
	classes = {
	};
	objectVersion = 46;
	objects = {

/* Begin PBXBuildFile section */
		324A27451DF00247003DDFB8 /* AppDelegate.swift in Sources */ = {isa = PBXBuildFile; fileRef = 324A27441DF00247003DDFB8 /* AppDelegate.swift */; };
		324A27471DF00247003DDFB8 /* ViewController.swift in Sources */ = {isa = PBXBuildFile; fileRef = 324A27461DF00247003DDFB8 /* ViewController.swift */; };
		324A274A1DF00247003DDFB8 /* Main.storyboard in Resources */ = {isa = PBXBuildFile; fileRef = 324A27481DF00247003DDFB8 /* Main.storyboard */; };
		324A274C1DF00247003DDFB8 /* Assets.xcassets in Resources */ = {isa = PBXBuildFile; fileRef = 324A274B1DF00247003DDFB8 /* Assets.xcassets */; };
		324A274F1DF00247003DDFB8 /* LaunchScreen.storyboard in Resources */ = {isa = PBXBuildFile; fileRef = 324A274D1DF00247003DDFB8 /* LaunchScreen.storyboard */; };
		324A275A1DF00247003DDFB8 /* FirstKadaiAppTests.swift in Sources */ = {isa = PBXBuildFile; fileRef = 324A27591DF00247003DDFB8 /* FirstKadaiAppTests.swift */; };
		324A27651DF00247003DDFB8 /* FirstKadaiAppUITests.swift in Sources */ = {isa = PBXBuildFile; fileRef = 324A27641DF00247003DDFB8 /* FirstKadaiAppUITests.swift */; };
/* End PBXBuildFile section */

/* Begin PBXContainerItemProxy section */
		324A27561DF00247003DDFB8 /* PBXContainerItemProxy */ = {
			isa = PBXContainerItemProxy;
			containerPortal = 324A27391DF00247003DDFB8 /* Project object */;
			proxyType = 1;
			remoteGlobalIDString = 324A27401DF00247003DDFB8;
			remoteInfo = FirstKadaiApp;
		};
		324A27611DF00247003DDFB8 /* PBXContainerItemProxy */ = {
			isa = PBXContainerItemProxy;
			containerPortal = 324A27391DF00247003DDFB8 /* Project object */;
			proxyType = 1;
			remoteGlobalIDString = 324A27401DF00247003DDFB8;
			remoteInfo = FirstKadaiApp;
		};
/* End PBXContainerItemProxy section */

/* Begin PBXFileReference section */
		324A27411DF00247003DDFB8 /* FirstKadaiApp.app */ = {isa = PBXFileReference; explicitFileType = wrapper.application; includeInIndex = 0; path = FirstKadaiApp.app; sourceTree = BUILT_PRODUCTS_DIR; };
		324A27441DF00247003DDFB8 /* AppDelegate.swift */ = {isa = PBXFileReference; lastKnownFileType = sourcecode.swift; path = AppDelegate.swift; sourceTree = "<group>"; };
		324A27461DF00247003DDFB8 /* ViewController.swift */ = {isa = PBXFileReference; lastKnownFileType = sourcecode.swift; path = ViewController.swift; sourceTree = "<group>"; };
		324A27491DF00247003DDFB8 /* Base */ = {isa = PBXFileReference; lastKnownFileType = file.storyboard; name = Base; path = Base.lproj/Main.storyboard; sourceTree = "<group>"; };
		324A274B1DF00247003DDFB8 /* Assets.xcassets */ = {isa = PBXFileReference; lastKnownFileType = folder.assetcatalog; path = Assets.xcassets; sourceTree = "<group>"; };
		324A274E1DF00247003DDFB8 /* Base */ = {isa = PBXFileReference; lastKnownFileType = file.storyboard; name = Base; path = Base.lproj/LaunchScreen.storyboard; sourceTree = "<group>"; };
		324A27501DF00247003DDFB8 /* Info.plist */ = {isa = PBXFileReference; lastKnownFileType = text.plist.xml; path = Info.plist; sourceTree = "<group>"; };
		324A27551DF00247003DDFB8 /* FirstKadaiAppTests.xctest */ = {isa = PBXFileReference; explicitFileType = wrapper.cfbundle; includeInIndex = 0; path = FirstKadaiAppTests.xctest; sourceTree = BUILT_PRODUCTS_DIR; };
		324A27591DF00247003DDFB8 /* FirstKadaiAppTests.swift */ = {isa = PBXFileReference; lastKnownFileType = sourcecode.swift; path = FirstKadaiAppTests.swift; sourceTree = "<group>"; };
		324A275B1DF00247003DDFB8 /* Info.plist */ = {isa = PBXFileReference; lastKnownFileType = text.plist.xml; path = Info.plist; sourceTree = "<group>"; };
		324A27601DF00247003DDFB8 /* FirstKadaiAppUITests.xctest */ = {isa = PBXFileReference; explicitFileType = wrapper.cfbundle; includeInIndex = 0; path = FirstKadaiAppUITests.xctest; sourceTree = BUILT_PRODUCTS_DIR; };
		324A27641DF00247003DDFB8 /* FirstKadaiAppUITests.swift */ = {isa = PBXFileReference; lastKnownFileType = sourcecode.swift; path = FirstKadaiAppUITests.swift; sourceTree = "<group>"; };
		324A27661DF00247003DDFB8 /* Info.plist */ = {isa = PBXFileReference; lastKnownFileType = text.plist.xml; path = Info.plist; sourceTree = "<group>"; };
/* End PBXFileReference section */

/* Begin PBXFrameworksBuildPhase section */
		324A273E1DF00247003DDFB8 /* Frameworks */ = {
			isa = PBXFrameworksBuildPhase;
			buildActionMask = 2147483647;
			files = (
			);
			runOnlyForDeploymentPostprocessing = 0;
		};
		324A27521DF00247003DDFB8 /* Frameworks */ = {
			isa = PBXFrameworksBuildPhase;
			buildActionMask = 2147483647;
			files = (
			);
			runOnlyForDeploymentPostprocessing = 0;
		};
		324A275D1DF00247003DDFB8 /* Frameworks */ = {
			isa = PBXFrameworksBuildPhase;
			buildActionMask = 2147483647;
			files = (
			);
			runOnlyForDeploymentPostprocessing = 0;
		};
/* End PBXFrameworksBuildPhase section */

/* Begin PBXGroup section */
		324A27381DF00247003DDFB8 = {
			isa = PBXGroup;
			children = (
				324A27431DF00247003DDFB8 /* FirstKadaiApp */,
				324A27581DF00247003DDFB8 /* FirstKadaiAppTests */,
				324A27631DF00247003DDFB8 /* FirstKadaiAppUITests */,
				324A27421DF00247003DDFB8 /* Products */,
			);
			sourceTree = "<group>";
		};
		324A27421DF00247003DDFB8 /* Products */ = {
			isa = PBXGroup;
			children = (
				324A27411DF00247003DDFB8 /* FirstKadaiApp.app */,
				324A27551DF00247003DDFB8 /* FirstKadaiAppTests.xctest */,
				324A27601DF00247003DDFB8 /* FirstKadaiAppUITests.xctest */,
			);
			name = Products;
			sourceTree = "<group>";
		};
		324A27431DF00247003DDFB8 /* FirstKadaiApp */ = {
			isa = PBXGroup;
			children = (
				324A27441DF00247003DDFB8 /* AppDelegate.swift */,
				324A27461DF00247003DDFB8 /* ViewController.swift */,
				324A27481DF00247003DDFB8 /* Main.storyboard */,
				324A274B1DF00247003DDFB8 /* Assets.xcassets */,
				324A274D1DF00247003DDFB8 /* LaunchScreen.storyboard */,
				324A27501DF00247003DDFB8 /* Info.plist */,
			);
			path = FirstKadaiApp;
			sourceTree = "<group>";
		};
		324A27581DF00247003DDFB8 /* FirstKadaiAppTests */ = {
			isa = PBXGroup;
			children = (
				324A27591DF00247003DDFB8 /* FirstKadaiAppTests.swift */,
				324A275B1DF00247003DDFB8 /* Info.plist */,
			);
			path = FirstKadaiAppTests;
			sourceTree = "<group>";
		};
		324A27631DF00247003DDFB8 /* FirstKadaiAppUITests */ = {
			isa = PBXGroup;
			children = (
				324A27641DF00247003DDFB8 /* FirstKadaiAppUITests.swift */,
				324A27661DF00247003DDFB8 /* Info.plist */,
			);
			path = FirstKadaiAppUITests;
			sourceTree = "<group>";
		};
/* End PBXGroup section */

/* Begin PBXNativeTarget section */
		324A27401DF00247003DDFB8 /* FirstKadaiApp */ = {
			isa = PBXNativeTarget;
			buildConfigurationList = 324A27691DF00247003DDFB8 /* Build configuration list for PBXNativeTarget "FirstKadaiApp" */;
			buildPhases = (
				324A273D1DF00247003DDFB8 /* Sources */,
				324A273E1DF00247003DDFB8 /* Frameworks */,
				324A273F1DF00247003DDFB8 /* Resources */,
			);
			buildRules = (
			);
			dependencies = (
			);
			name = FirstKadaiApp;
			productName = FirstKadaiApp;
			productReference = 324A27411DF00247003DDFB8 /* FirstKadaiApp.app */;
			productType = "com.apple.product-type.application";
		};
		324A27541DF00247003DDFB8 /* FirstKadaiAppTests */ = {
			isa = PBXNativeTarget;
			buildConfigurationList = 324A276C1DF00247003DDFB8 /* Build configuration list for PBXNativeTarget "FirstKadaiAppTests" */;
			buildPhases = (
				324A27511DF00247003DDFB8 /* Sources */,
				324A27521DF00247003DDFB8 /* Frameworks */,
				324A27531DF00247003DDFB8 /* Resources */,
			);
			buildRules = (
			);
			dependencies = (
				324A27571DF00247003DDFB8 /* PBXTargetDependency */,
			);
			name = FirstKadaiAppTests;
			productName = FirstKadaiAppTests;
			productReference = 324A27551DF00247003DDFB8 /* FirstKadaiAppTests.xctest */;
			productType = "com.apple.product-type.bundle.unit-test";
		};
		324A275F1DF00247003DDFB8 /* FirstKadaiAppUITests */ = {
			isa = PBXNativeTarget;
			buildConfigurationList = 324A276F1DF00247003DDFB8 /* Build configuration list for PBXNativeTarget "FirstKadaiAppUITests" */;
			buildPhases = (
				324A275C1DF00247003DDFB8 /* Sources */,
				324A275D1DF00247003DDFB8 /* Frameworks */,
				324A275E1DF00247003DDFB8 /* Resources */,
			);
			buildRules = (
			);
			dependencies = (
				324A27621DF00247003DDFB8 /* PBXTargetDependency */,
			);
			name = FirstKadaiAppUITests;
			productName = FirstKadaiAppUITests;
			productReference = 324A27601DF00247003DDFB8 /* FirstKadaiAppUITests.xctest */;
			productType = "com.apple.product-type.bundle.ui-testing";
		};
/* End PBXNativeTarget section */

/* Begin PBXProject section */
		324A27391DF00247003DDFB8 /* Project object */ = {
			isa = PBXProject;
			attributes = {
				LastSwiftUpdateCheck = 0810;
				LastUpgradeCheck = 0810;
				ORGANIZATIONNAME = "田出匡志";
				TargetAttributes = {
					324A27401DF00247003DDFB8 = {
						CreatedOnToolsVersion = 8.1;
						ProvisioningStyle = Automatic;
					};
					324A27541DF00247003DDFB8 = {
						CreatedOnToolsVersion = 8.1;
						ProvisioningStyle = Automatic;
						TestTargetID = 324A27401DF00247003DDFB8;
					};
					324A275F1DF00247003DDFB8 = {
						CreatedOnToolsVersion = 8.1;
						ProvisioningStyle = Automatic;
						TestTargetID = 324A27401DF00247003DDFB8;
					};
				};
			};
			buildConfigurationList = 324A273C1DF00247003DDFB8 /* Build configuration list for PBXProject "FirstKadaiApp" */;
			compatibilityVersion = "Xcode 3.2";
			developmentRegion = English;
			hasScannedForEncodings = 0;
			knownRegions = (
				en,
				Base,
			);
			mainGroup = 324A27381DF00247003DDFB8;
			productRefGroup = 324A27421DF00247003DDFB8 /* Products */;
			projectDirPath = "";
			projectRoot = "";
			targets = (
				324A27401DF00247003DDFB8 /* FirstKadaiApp */,
				324A27541DF00247003DDFB8 /* FirstKadaiAppTests */,
				324A275F1DF00247003DDFB8 /* FirstKadaiAppUITests */,
			);
		};
/* End PBXProject section */

/* Begin PBXResourcesBuildPhase section */
		324A273F1DF00247003DDFB8 /* Resources */ = {
			isa = PBXResourcesBuildPhase;
			buildActionMask = 2147483647;
			files = (
				324A274F1DF00247003DDFB8 /* LaunchScreen.storyboard in Resources */,
				324A274C1DF00247003DDFB8 /* Assets.xcassets in Resources */,
				324A274A1DF00247003DDFB8 /* Main.storyboard in Resources */,
			);
			runOnlyForDeploymentPostprocessing = 0;
		};
		324A27531DF00247003DDFB8 /* Resources */ = {
			isa = PBXResourcesBuildPhase;
			buildActionMask = 2147483647;
			files = (
			);
			runOnlyForDeploymentPostprocessing = 0;
		};
		324A275E1DF00247003DDFB8 /* Resources */ = {
			isa = PBXResourcesBuildPhase;
			buildActionMask = 2147483647;
			files = (
			);
			runOnlyForDeploymentPostprocessing = 0;
		};
/* End PBXResourcesBuildPhase section */

/* Begin PBXSourcesBuildPhase section */
		324A273D1DF00247003DDFB8 /* Sources */ = {
			isa = PBXSourcesBuildPhase;
			buildActionMask = 2147483647;
			files = (
				324A27471DF00247003DDFB8 /* ViewController.swift in Sources */,
				324A27451DF00247003DDFB8 /* AppDelegate.swift in Sources */,
			);
			runOnlyForDeploymentPostprocessing = 0;
		};
		324A27511DF00247003DDFB8 /* Sources */ = {
			isa = PBXSourcesBuildPhase;
			buildActionMask = 2147483647;
			files = (
				324A275A1DF00247003DDFB8 /* FirstKadaiAppTests.swift in Sources */,
			);
			runOnlyForDeploymentPostprocessing = 0;
		};
		324A275C1DF00247003DDFB8 /* Sources */ = {
			isa = PBXSourcesBuildPhase;
			buildActionMask = 2147483647;
			files = (
				324A27651DF00247003DDFB8 /* FirstKadaiAppUITests.swift in Sources */,
			);
			runOnlyForDeploymentPostprocessing = 0;
		};
/* End PBXSourcesBuildPhase section */

/* Begin PBXTargetDependency section */
		324A27571DF00247003DDFB8 /* PBXTargetDependency */ = {
			isa = PBXTargetDependency;
			target = 324A27401DF00247003DDFB8 /* FirstKadaiApp */;
			targetProxy = 324A27561DF00247003DDFB8 /* PBXContainerItemProxy */;
		};
		324A27621DF00247003DDFB8 /* PBXTargetDependency */ = {
			isa = PBXTargetDependency;
			target = 324A27401DF00247003DDFB8 /* FirstKadaiApp */;
			targetProxy = 324A27611DF00247003DDFB8 /* PBXContainerItemProxy */;
		};
/* End PBXTargetDependency section */

/* Begin PBXVariantGroup section */
		324A27481DF00247003DDFB8 /* Main.storyboard */ = {
			isa = PBXVariantGroup;
			children = (
				324A27491DF00247003DDFB8 /* Base */,
			);
			name = Main.storyboard;
			sourceTree = "<group>";
		};
		324A274D1DF00247003DDFB8 /* LaunchScreen.storyboard */ = {
			isa = PBXVariantGroup;
			children = (
				324A274E1DF00247003DDFB8 /* Base */,
			);
			name = LaunchScreen.storyboard;
			sourceTree = "<group>";
		};
/* End PBXVariantGroup section */

/* Begin XCBuildConfiguration section */
		324A27671DF00247003DDFB8 /* Debug */ = {
			isa = XCBuildConfiguration;
			buildSettings = {
				ALWAYS_SEARCH_USER_PATHS = NO;
				CLANG_ANALYZER_NONNULL = YES;
				CLANG_CXX_LANGUAGE_STANDARD = "gnu++0x";
				CLANG_CXX_LIBRARY = "libc++";
				CLANG_ENABLE_MODULES = YES;
				CLANG_ENABLE_OBJC_ARC = YES;
				CLANG_WARN_BOOL_CONVERSION = YES;
				CLANG_WARN_CONSTANT_CONVERSION = YES;
				CLANG_WARN_DIRECT_OBJC_ISA_USAGE = YES_ERROR;
				CLANG_WARN_DOCUMENTATION_COMMENTS = YES;
				CLANG_WARN_EMPTY_BODY = YES;
				CLANG_WARN_ENUM_CONVERSION = YES;
				CLANG_WARN_INFINITE_RECURSION = YES;
				CLANG_WARN_INT_CONVERSION = YES;
				CLANG_WARN_OBJC_ROOT_CLASS = YES_ERROR;
				CLANG_WARN_SUSPICIOUS_MOVES = YES;
				CLANG_WARN_UNREACHABLE_CODE = YES;
				CLANG_WARN__DUPLICATE_METHOD_MATCH = YES;
				"CODE_SIGN_IDENTITY[sdk=iphoneos*]" = "iPhone Developer";
				COPY_PHASE_STRIP = NO;
				DEBUG_INFORMATION_FORMAT = dwarf;
				ENABLE_STRICT_OBJC_MSGSEND = YES;
				ENABLE_TESTABILITY = YES;
				GCC_C_LANGUAGE_STANDARD = gnu99;
				GCC_DYNAMIC_NO_PIC = NO;
				GCC_NO_COMMON_BLOCKS = YES;
				GCC_OPTIMIZATION_LEVEL = 0;
				GCC_PREPROCESSOR_DEFINITIONS = (
					"DEBUG=1",
					"$(inherited)",
				);
				GCC_WARN_64_TO_32_BIT_CONVERSION = YES;
				GCC_WARN_ABOUT_RETURN_TYPE = YES_ERROR;
				GCC_WARN_UNDECLARED_SELECTOR = YES;
				GCC_WARN_UNINITIALIZED_AUTOS = YES_AGGRESSIVE;
				GCC_WARN_UNUSED_FUNCTION = YES;
				GCC_WARN_UNUSED_VARIABLE = YES;
				IPHONEOS_DEPLOYMENT_TARGET = 10.1;
				MTL_ENABLE_DEBUG_INFO = YES;
				ONLY_ACTIVE_ARCH = YES;
				SDKROOT = iphoneos;
				SWIFT_ACTIVE_COMPILATION_CONDITIONS = DEBUG;
				SWIFT_OPTIMIZATION_LEVEL = "-Onone";
				TARGETED_DEVICE_FAMILY = "1,2";
			};
			name = Debug;
		};
		324A27681DF00247003DDFB8 /* Release */ = {
			isa = XCBuildConfiguration;
			buildSettings = {
				ALWAYS_SEARCH_USER_PATHS = NO;
				CLANG_ANALYZER_NONNULL = YES;
				CLANG_CXX_LANGUAGE_STANDARD = "gnu++0x";
				CLANG_CXX_LIBRARY = "libc++";
				CLANG_ENABLE_MODULES = YES;
				CLANG_ENABLE_OBJC_ARC = YES;
				CLANG_WARN_BOOL_CONVERSION = YES;
				CLANG_WARN_CONSTANT_CONVERSION = YES;
				CLANG_WARN_DIRECT_OBJC_ISA_USAGE = YES_ERROR;
				CLANG_WARN_DOCUMENTATION_COMMENTS = YES;
				CLANG_WARN_EMPTY_BODY = YES;
				CLANG_WARN_ENUM_CONVERSION = YES;
				CLANG_WARN_INFINITE_RECURSION = YES;
				CLANG_WARN_INT_CONVERSION = YES;
				CLANG_WARN_OBJC_ROOT_CLASS = YES_ERROR;
				CLANG_WARN_SUSPICIOUS_MOVES = YES;
				CLANG_WARN_UNREACHABLE_CODE = YES;
				CLANG_WARN__DUPLICATE_METHOD_MATCH = YES;
				"CODE_SIGN_IDENTITY[sdk=iphoneos*]" = "iPhone Developer";
				COPY_PHASE_STRIP = NO;
				DEBUG_INFORMATION_FORMAT = "dwarf-with-dsym";
				ENABLE_NS_ASSERTIONS = NO;
				ENABLE_STRICT_OBJC_MSGSEND = YES;
				GCC_C_LANGUAGE_STANDARD = gnu99;
				GCC_NO_COMMON_BLOCKS = YES;
				GCC_WARN_64_TO_32_BIT_CONVERSION = YES;
				GCC_WARN_ABOUT_RETURN_TYPE = YES_ERROR;
				GCC_WARN_UNDECLARED_SELECTOR = YES;
				GCC_WARN_UNINITIALIZED_AUTOS = YES_AGGRESSIVE;
				GCC_WARN_UNUSED_FUNCTION = YES;
				GCC_WARN_UNUSED_VARIABLE = YES;
				IPHONEOS_DEPLOYMENT_TARGET = 10.1;
				MTL_ENABLE_DEBUG_INFO = NO;
				SDKROOT = iphoneos;
				SWIFT_OPTIMIZATION_LEVEL = "-Owholemodule";
				TARGETED_DEVICE_FAMILY = "1,2";
				VALIDATE_PRODUCT = YES;
			};
			name = Release;
		};
		324A276A1DF00247003DDFB8 /* Debug */ = {
			isa = XCBuildConfiguration;
			buildSettings = {
				ASSETCATALOG_COMPILER_APPICON_NAME = AppIcon;
				INFOPLIST_FILE = FirstKadaiApp/Info.plist;
				LD_RUNPATH_SEARCH_PATHS = "$(inherited) @executable_path/Frameworks";
				PRODUCT_BUNDLE_IDENTIFIER = jp.techacademy.tadashi.taide.FirstKadaiApp;
				PRODUCT_NAME = "$(TARGET_NAME)";
				SWIFT_VERSION = 3.0;
			};
			name = Debug;
		};
		324A276B1DF00247003DDFB8 /* Release */ = {
			isa = XCBuildConfiguration;
			buildSettings = {
				ASSETCATALOG_COMPILER_APPICON_NAME = AppIcon;
				INFOPLIST_FILE = FirstKadaiApp/Info.plist;
				LD_RUNPATH_SEARCH_PATHS = "$(inherited) @executable_path/Frameworks";
				PRODUCT_BUNDLE_IDENTIFIER = jp.techacademy.tadashi.taide.FirstKadaiApp;
				PRODUCT_NAME = "$(TARGET_NAME)";
				SWIFT_VERSION = 3.0;
			};
			name = Release;
		};
		324A276D1DF00247003DDFB8 /* Debug */ = {
			isa = XCBuildConfiguration;
			buildSettings = {
				ALWAYS_EMBED_SWIFT_STANDARD_LIBRARIES = YES;
				BUNDLE_LOADER = "$(TEST_HOST)";
				INFOPLIST_FILE = FirstKadaiAppTests/Info.plist;
				LD_RUNPATH_SEARCH_PATHS = "$(inherited) @executable_path/Frameworks @loader_path/Frameworks";
				PRODUCT_BUNDLE_IDENTIFIER = jp.techacademy.tadashi.taide.FirstKadaiAppTests;
				PRODUCT_NAME = "$(TARGET_NAME)";
				SWIFT_VERSION = 3.0;
				TEST_HOST = "$(BUILT_PRODUCTS_DIR)/FirstKadaiApp.app/FirstKadaiApp";
			};
			name = Debug;
		};
		324A276E1DF00247003DDFB8 /* Release */ = {
			isa = XCBuildConfiguration;
			buildSettings = {
				ALWAYS_EMBED_SWIFT_STANDARD_LIBRARIES = YES;
				BUNDLE_LOADER = "$(TEST_HOST)";
				INFOPLIST_FILE = FirstKadaiAppTests/Info.plist;
				LD_RUNPATH_SEARCH_PATHS = "$(inherited) @executable_path/Frameworks @loader_path/Frameworks";
				PRODUCT_BUNDLE_IDENTIFIER = jp.techacademy.tadashi.taide.FirstKadaiAppTests;
				PRODUCT_NAME = "$(TARGET_NAME)";
				SWIFT_VERSION = 3.0;
				TEST_HOST = "$(BUILT_PRODUCTS_DIR)/FirstKadaiApp.app/FirstKadaiApp";
			};
			name = Release;
		};
		324A27701DF00247003DDFB8 /* Debug */ = {
			isa = XCBuildConfiguration;
			buildSettings = {
				ALWAYS_EMBED_SWIFT_STANDARD_LIBRARIES = YES;
				INFOPLIST_FILE = FirstKadaiAppUITests/Info.plist;
				LD_RUNPATH_SEARCH_PATHS = "$(inherited) @executable_path/Frameworks @loader_path/Frameworks";
				PRODUCT_BUNDLE_IDENTIFIER = jp.techacademy.tadashi.taide.FirstKadaiAppUITests;
				PRODUCT_NAME = "$(TARGET_NAME)";
				SWIFT_VERSION = 3.0;
				TEST_TARGET_NAME = FirstKadaiApp;
			};
			name = Debug;
		};
		324A27711DF00247003DDFB8 /* Release */ = {
			isa = XCBuildConfiguration;
			buildSettings = {
				ALWAYS_EMBED_SWIFT_STANDARD_LIBRARIES = YES;
				INFOPLIST_FILE = FirstKadaiAppUITests/Info.plist;
				LD_RUNPATH_SEARCH_PATHS = "$(inherited) @executable_path/Frameworks @loader_path/Frameworks";
				PRODUCT_BUNDLE_IDENTIFIER = jp.techacademy.tadashi.taide.FirstKadaiAppUITests;
				PRODUCT_NAME = "$(TARGET_NAME)";
				SWIFT_VERSION = 3.0;
				TEST_TARGET_NAME = FirstKadaiApp;
			};
			name = Release;
		};
/* End XCBuildConfiguration section */

/* Begin XCConfigurationList section */
		324A273C1DF00247003DDFB8 /* Build configuration list for PBXProject "FirstKadaiApp" */ = {
			isa = XCConfigurationList;
			buildConfigurations = (
				324A27671DF00247003DDFB8 /* Debug */,
				324A27681DF00247003DDFB8 /* Release */,
			);
			defaultConfigurationIsVisible = 0;
			defaultConfigurationName = Release;
		};
		324A27691DF00247003DDFB8 /* Build configuration list for PBXNativeTarget "FirstKadaiApp" */ = {
			isa = XCConfigurationList;
			buildConfigurations = (
				324A276A1DF00247003DDFB8 /* Debug */,
				324A276B1DF00247003DDFB8 /* Release */,
			);
			defaultConfigurationIsVisible = 0;
		};
		324A276C1DF00247003DDFB8 /* Build configuration list for PBXNativeTarget "FirstKadaiAppTests" */ = {
			isa = XCConfigurationList;
			buildConfigurations = (
				324A276D1DF00247003DDFB8 /* Debug */,
				324A276E1DF00247003DDFB8 /* Release */,
			);
			defaultConfigurationIsVisible = 0;
		};
		324A276F1DF00247003DDFB8 /* Build configuration list for PBXNativeTarget "FirstKadaiAppUITests" */ = {
			isa = XCConfigurationList;
			buildConfigurations = (
				324A27701DF00247003DDFB8 /* Debug */,
				324A27711DF00247003DDFB8 /* Release */,
			);
			defaultConfigurationIsVisible = 0;
		};
/* End XCConfigurationList section */
	};
	rootObject = 324A27391DF00247003DDFB8 /* Project object */;
}
